
Microsoft Visual Studio Solution File, Format Version 12.00
# Visual Studio Version 17
VisualStudioVersion = 17.11.35219.272
MinimumVisualStudioVersion = 10.0.40219.1
Project("{FAE04EC0-301F-11D3-BF4B-00C04F79EFBC}") = "Data", "Data\Data.csproj", "{297836B7-2E91-4DDB-BB93-8A828770C71F}"
EndProject
Global
	GlobalSection(SolutionConfigurationPlatforms) = preSolution
		Debug|Any CPU = Debug|Any CPU
		Release|Any CPU = Release|Any CPU
	EndGlobalSection
	GlobalSection(ProjectConfigurationPlatforms) = postSolution
		{297836B7-2E91-4DDB-BB93-8A828770C71F}.Debug|Any CPU.ActiveCfg = Debug|Any CPU
		{297836B7-2E91-4DDB-BB93-8A828770C71F}.Debug|Any CPU.Build.0 = Debug|Any CPU
		{297836B7-2E91-4DDB-BB93-8A828770C71F}.Release|Any CPU.ActiveCfg = Release|Any CPU
		{297836B7-2E91-4DDB-BB93-8A828770C71F}.Release|Any CPU.Build.0 = Release|Any CPU
	EndGlobalSection
	GlobalSection(SolutionProperties) = preSolution
		HideSolutionNode = FALSE
	EndGlobalSection
	GlobalSection(ExtensibilityGlobals) = postSolution
		SolutionGuid = {3448519A-F546-4DEF-AF00-7EEB20477338}
	EndGlobalSection
EndGlobal
